{
  "name": "test",
  "lockfileVersion": 2,
  "requires": true,
  "packages": {
    "": {
      "dependencies": {
        "@swc/cli": "^0.1.57",
        "@swc/core": "^1.3.3",
        "rollup": "^2.79.1"
      }
    },
    "node_modules/@nodelib/fs.scandir": {
      "version": "2.1.5",
      "resolved": "https://registry.npmjs.org/@nodelib/fs.scandir/-/fs.scandir-2.1.5.tgz",
      "integrity": "sha512-vq24Bq3ym5HEQm2NKCr3yXDwjc7vTsEThRDnkp2DK9p1uqLR+DHurm/NOTo0KG7HYHU7eppKZj3MyqYuMBf62g==",
      "dependencies": {
        "@nodelib/fs.stat": "2.0.5",
        "run-parallel": "^1.1.9"
      },
      "engines": {
        "node": ">= 8"
      }
    },
    "node_modules/@nodelib/fs.stat": {
      "version": "2.0.5",
      "resolved": "https://registry.npmjs.org/@nodelib/fs.stat/-/fs.stat-2.0.5.tgz",
      "integrity": "sha512-RkhPPp2zrqDAQA/2jNhnztcPAlv64XdhIp7a7454A5ovI7Bukxgt7MX7udwAu3zg1DcpPU0rz3VV1SeaqvY4+A==",
      "engines": {
        "node": ">= 8"
      }
    },
    "node_modules/@nodelib/fs.walk": {
      "version": "1.2.8",
      "resolved": "https://registry.npmjs.org/@nodelib/fs.walk/-/fs.walk-1.2.8.tgz",
      "integrity": "sha512-oGB+UxlgWcgQkgwo8GcEGwemoTFt3FIO9ababBmaGwXIoBKZ+GTy0pP185beGg7Llih/NSHSV2XAs1lnznocSg==",
      "dependencies": {
        "@nodelib/fs.scandir": "2.1.5",
        "fastq": "^1.6.0"
      },
      "engines": {
        "node": ">= 8"
      }
    },
    "node_modules/@swc/cli": {
      "version": "0.1.57",
      "resolved": "https://registry.npmjs.org/@swc/cli/-/cli-0.1.57.tgz",
      "integrity": "sha512-HxM8TqYHhAg+zp7+RdTU69bnkl4MWdt1ygyp6BDIPjTiaJVH6Dizn2ezbgDS8mnFZI1FyhKvxU/bbaUs8XhzQg==",
      "dependencies": {
        "commander": "^7.1.0",
        "fast-glob": "^3.2.5",
        "slash": "3.0.0",
        "source-map": "^0.7.3"
      },
      "bin": {
        "spack": "bin/spack.js",
        "swc": "bin/swc.js"
      },
      "engines": {
        "node": ">= 12.13"
      },
      "peerDependencies": {
        "@swc/core": "^1.2.66",
        "chokidar": "^3.5.1"
      },
      "peerDependenciesMeta": {
        "chokidar": {
          "optional": true
        }
      }
    },
    "node_modules/@swc/core": {
      "version": "1.3.3",
      "resolved": "https://registry.npmjs.org/@swc/core/-/core-1.3.3.tgz",
      "integrity": "sha512-OGx3Qpw+czNSaea1ojP2X2wxrGtYicQxH1QnzX4F3rXGEcSUFIllmrae6iJHW91zS4SNcOocnQoRz1IYnrILYw==",
      "hasInstallScript": true,
      "bin": {
        "swcx": "run_swcx.js"
      },
      "engines": {
        "node": ">=10"
      },
      "funding": {
        "type": "opencollective",
        "url": "https://opencollective.com/swc"
      },
      "optionalDependencies": {
        "@swc/core-android-arm-eabi": "1.3.3",
        "@swc/core-android-arm64": "1.3.3",
        "@swc/core-darwin-arm64": "1.3.3",
        "@swc/core-darwin-x64": "1.3.3",
        "@swc/core-freebsd-x64": "1.3.3",
        "@swc/core-linux-arm-gnueabihf": "1.3.3",
        "@swc/core-linux-arm64-gnu": "1.3.3",
        "@swc/core-linux-arm64-musl": "1.3.3",
        "@swc/core-linux-x64-gnu": "1.3.3",
        "@swc/core-linux-x64-musl": "1.3.3",
        "@swc/core-win32-arm64-msvc": "1.3.3",
        "@swc/core-win32-ia32-msvc": "1.3.3",
        "@swc/core-win32-x64-msvc": "1.3.3"
      }
    },
    "node_modules/@swc/core-android-arm-eabi": {
      "version": "1.3.3",
      "resolved": "https://registry.npmjs.org/@swc/core-android-arm-eabi/-/core-android-arm-eabi-1.3.3.tgz",
      "integrity": "sha512-R6MpKXvNx/T/8a0wUTiX1THxfRbURSCmYlSi/JnUaqLYUclQK1N8aCMWz7EYSz6FE0VZBREJYDJcdnfP88E/1Q==",
      "cpu": [
        "arm"
      ],
      "optional": true,
      "os": [
        "android"
      ],
      "dependencies": {
        "@swc/wasm": "1.2.122"
      },
      "engines": {
        "node": ">=10"
      }
    },
    "node_modules/@swc/core-android-arm64": {
      "version": "1.3.3",
      "resolved": "https://registry.npmjs.org/@swc/core-android-arm64/-/core-android-arm64-1.3.3.tgz",
      "integrity": "sha512-yZlku4ypVKykwHTS8CETxw2PH23UBeM6VhNB8efF4A4gVWtRZjv1PfjsSqh/X0vjgVTrs2zSaQ+eF6GLVbWrgA==",
      "cpu": [
        "arm64"
      ],
      "optional": true,
      "os": [
        "android"
      ],
      "dependencies": {
        "@swc/wasm": "1.2.130"
      },
      "engines": {
        "node": ">=10"
      }
    },
    "node_modules/@swc/core-android-arm64/node_modules/@swc/wasm": {
      "version": "1.2.130",
      "resolved": "https://registry.npmjs.org/@swc/wasm/-/wasm-1.2.130.tgz",
      "integrity": "sha512-rNcJsBxS70+pv8YUWwf5fRlWX6JoY/HJc25HD/F8m6Kv7XhJdqPPMhyX6TKkUBPAG7TWlZYoxa+rHAjPy4Cj3Q==",
      "optional": true
    },
    "node_modules/@swc/core-darwin-arm64": {
      "version": "1.3.3",
      "resolved": "https://registry.npmjs.org/@swc/core-darwin-arm64/-/core-darwin-arm64-1.3.3.tgz",
      "integrity": "sha512-/T8vyikY7t/be6bHd1D9J/bmXYMDMkBo9NA3auDT/hmouzawhJ6E7OqRE4HLuLTflnRw8WmEWgpeRIzMHvNjBQ==",
      "cpu": [
        "arm64"
      ],
      "optional": true,
      "os": [
        "darwin"
      ],
      "engines": {
        "node": ">=10"
      }
    },
    "node_modules/@swc/core-darwin-x64": {
      "version": "1.3.3",
      "resolved": "https://registry.npmjs.org/@swc/core-darwin-x64/-/core-darwin-x64-1.3.3.tgz",
      "integrity": "sha512-hw4o1If986In5m3y3/OimgiBKJh49kbTG9MRWo8msqTic2aBlrtfHjSecMn1g+oP7pdaUUCTkovmT7OpvvQ/Tw==",
      "cpu": [
        "x64"
      ],
      "optional": true,
      "os": [
        "darwin"
      ],
      "engines": {
        "node": ">=10"
      }
    },
    "node_modules/@swc/core-freebsd-x64": {
      "version": "1.3.3",
      "resolved": "https://registry.npmjs.org/@swc/core-freebsd-x64/-/core-freebsd-x64-1.3.3.tgz",
      "integrity": "sha512-JFDu3uLa0WMw77o+QNR5D1uErQ5s18HmEwJr5ndOQoDlS+XO2qUG6AxU5LdwLEl5qMf2C99t7gkfzcCZG1PRsw==",
      "cpu": [
        "x64"
      ],
      "optional": true,
      "os": [
        "freebsd"
      ],
      "dependencies": {
        "@swc/wasm": "1.2.130"
      },
      "engines": {
        "node": ">=10"
      }
    },
    "node_modules/@swc/core-freebsd-x64/node_modules/@swc/wasm": {
      "version": "1.2.130",
      "resolved": "https://registry.npmjs.org/@swc/wasm/-/wasm-1.2.130.tgz",
      "integrity": "sha512-rNcJsBxS70+pv8YUWwf5fRlWX6JoY/HJc25HD/F8m6Kv7XhJdqPPMhyX6TKkUBPAG7TWlZYoxa+rHAjPy4Cj3Q==",
      "optional": true
    },
    "node_modules/@swc/core-linux-arm-gnueabihf": {
      "version": "1.3.3",
      "resolved": "https://registry.npmjs.org/@swc/core-linux-arm-gnueabihf/-/core-linux-arm-gnueabihf-1.3.3.tgz",
      "integrity": "sha512-kJoyNP/ury9KmZnjhpj0QApY6VxC9S4hkgsycm8yTJ23O8WrUbgeDOlgAgFJNyHszhR5CnlssDv7ErCwMZtkgw==",
      "cpu": [
        "arm"
      ],
      "optional": true,
      "os": [
        "linux"
      ],
      "dependencies": {
        "@swc/wasm": "1.2.130"
      },
      "engines": {
        "node": ">=10"
      }
    },
    "node_modules/@swc/core-linux-arm-gnueabihf/node_modules/@swc/wasm": {
      "version": "1.2.130",
      "resolved": "https://registry.npmjs.org/@swc/wasm/-/wasm-1.2.130.tgz",
      "integrity": "sha512-rNcJsBxS70+pv8YUWwf5fRlWX6JoY/HJc25HD/F8m6Kv7XhJdqPPMhyX6TKkUBPAG7TWlZYoxa+rHAjPy4Cj3Q==",
      "optional": true
    },
    "node_modules/@swc/core-linux-arm64-gnu": {
      "version": "1.3.3",
      "resolved": "https://registry.npmjs.org/@swc/core-linux-arm64-gnu/-/core-linux-arm64-gnu-1.3.3.tgz",
      "integrity": "sha512-Y+10o78O2snKnrNTbasT9S3Out0wlOyAkLZvq5zqzW1cz2K2Yzm04zQdKQOCRHlfTF0XSmZ++qRWVNol49WsNA==",
      "cpu": [
        "arm64"
      ],
      "optional": true,
      "os": [
        "linux"
      ],
      "engines": {
        "node": ">=10"
      }
    },
    "node_modules/@swc/core-linux-arm64-musl": {
      "version": "1.3.3",
      "resolved": "https://registry.npmjs.org/@swc/core-linux-arm64-musl/-/core-linux-arm64-musl-1.3.3.tgz",
      "integrity": "sha512-y6ErPP6Sk0f8exoanUxXeFALvPraTjyoVr8pitpfTqoUd9YcxwOTpPbR5WXI3FWnQ7GS86iH0LvaFDCgHQ1fjg==",
      "cpu": [
        "arm64"
      ],
      "optional": true,
      "os": [
        "linux"
      ],
      "engines": {
        "node": ">=10"
      }
    },
    "node_modules/@swc/core-linux-x64-gnu": {
      "version": "1.3.3",
      "resolved": "https://registry.npmjs.org/@swc/core-linux-x64-gnu/-/core-linux-x64-gnu-1.3.3.tgz",
      "integrity": "sha512-sqyvNJkPHKHlK/XLIoMNLiux8YxsCJpAk3UreS0NO+sRNRru2AMyrRwX6wxmnJybhEek9SPKF0pXi+GfcaFKYA==",
      "cpu": [
        "x64"
      ],
      "optional": true,
      "os": [
        "linux"
      ],
      "engines": {
        "node": ">=10"
      }
    },
    "node_modules/@swc/core-linux-x64-musl": {
      "version": "1.3.3",
      "resolved": "https://registry.npmjs.org/@swc/core-linux-x64-musl/-/core-linux-x64-musl-1.3.3.tgz",
      "integrity": "sha512-5fjwHdMv+DOgEp7sdNVmvS4Hr2rDaewa0BpDW8RefcjHoJnDpFVButLDMkwv/Yd+v4YN+99kyX/lOI+/OTD99w==",
      "cpu": [
        "x64"
      ],
      "optional": true,
      "os": [
        "linux"
      ],
      "engines": {
        "node": ">=10"
      }
    },
    "node_modules/@swc/core-win32-arm64-msvc": {
      "version": "1.3.3",
      "resolved": "https://registry.npmjs.org/@swc/core-win32-arm64-msvc/-/core-win32-arm64-msvc-1.3.3.tgz",
      "integrity": "sha512-JxcfG89GieqCFXkRl/mtFds/ME6ncEtLRIQ0+RBIREIGisA9ZgJ8EryBzGZyPu5+7kE0vXGVB6A2cfrv4SNW4A==",
      "cpu": [
        "arm64"
      ],
      "optional": true,
      "os": [
        "win32"
      ],
      "dependencies": {
        "@swc/wasm": "1.2.130"
      },
      "engines": {
        "node": ">=10"
      }
    },
    "node_modules/@swc/core-win32-arm64-msvc/node_modules/@swc/wasm": {
      "version": "1.2.130",
      "resolved": "https://registry.npmjs.org/@swc/wasm/-/wasm-1.2.130.tgz",
      "integrity": "sha512-rNcJsBxS70+pv8YUWwf5fRlWX6JoY/HJc25HD/F8m6Kv7XhJdqPPMhyX6TKkUBPAG7TWlZYoxa+rHAjPy4Cj3Q==",
      "optional": true
    },
    "node_modules/@swc/core-win32-ia32-msvc": {
      "version": "1.3.3",
      "resolved": "https://registry.npmjs.org/@swc/core-win32-ia32-msvc/-/core-win32-ia32-msvc-1.3.3.tgz",
      "integrity": "sha512-yqZjTn5V7wYCxMCC5Rg8u87SmGeRSlqYAafHL3IgiFe8hSxOykc2dR1MYNc4WZumYiMlU15VSa6mW8A0pj37FA==",
      "cpu": [
        "ia32"
      ],
      "optional": true,
      "os": [
        "win32"
      ],
      "dependencies": {
        "@swc/wasm": "1.2.130"
      },
      "engines": {
        "node": ">=10"
      }
    },
    "node_modules/@swc/core-win32-ia32-msvc/node_modules/@swc/wasm": {
      "version": "1.2.130",
      "resolved": "https://registry.npmjs.org/@swc/wasm/-/wasm-1.2.130.tgz",
      "integrity": "sha512-rNcJsBxS70+pv8YUWwf5fRlWX6JoY/HJc25HD/F8m6Kv7XhJdqPPMhyX6TKkUBPAG7TWlZYoxa+rHAjPy4Cj3Q==",
      "optional": true
    },
    "node_modules/@swc/core-win32-x64-msvc": {
      "version": "1.3.3",
      "resolved": "https://registry.npmjs.org/@swc/core-win32-x64-msvc/-/core-win32-x64-msvc-1.3.3.tgz",
      "integrity": "sha512-CIuxz9wiHkgG7m3kjgptgO3iHOmrybvLf0rUNGbVTTHwTcrpjznAnS/MnMPiaIQPlxz70KSXAR2QJjw7fGtfbA==",
      "cpu": [
        "x64"
      ],
      "optional": true,
      "os": [
        "win32"
      ],
      "engines": {
        "node": ">=10"
      }
    },
    "node_modules/@swc/wasm": {
      "version": "1.2.122",
      "resolved": "https://registry.npmjs.org/@swc/wasm/-/wasm-1.2.122.tgz",
      "integrity": "sha512-sM1VCWQxmNhFtdxME+8UXNyPNhxNu7zdb6ikWpz0YKAQQFRGT5ThZgJrubEpah335SUToNg8pkdDF7ibVCjxbQ==",
      "optional": true
    },
    "node_modules/braces": {
      "version": "3.0.2",
      "resolved": "https://registry.npmjs.org/braces/-/braces-3.0.2.tgz",
      "integrity": "sha512-b8um+L1RzM3WDSzvhm6gIz1yfTbBt6YTlcEKAvsmqCZZFw46z626lVj9j1yEPW33H5H+lBQpZMP1k8l+78Ha0A==",
      "dependencies": {
        "fill-range": "^7.0.1"
      },
      "engines": {
        "node": ">=8"
      }
    },
    "node_modules/commander": {
      "version": "7.2.0",
      "resolved": "https://registry.npmjs.org/commander/-/commander-7.2.0.tgz",
      "integrity": "sha512-QrWXB+ZQSVPmIWIhtEO9H+gwHaMGYiF5ChvoJ+K9ZGHG/sVsa6yiesAD1GC/x46sET00Xlwo1u49RVVVzvcSkw==",
      "engines": {
        "node": ">= 10"
      }
    },
    "node_modules/fast-glob": {
      "version": "3.2.12",
      "resolved": "https://registry.npmjs.org/fast-glob/-/fast-glob-3.2.12.tgz",
      "integrity": "sha512-DVj4CQIYYow0BlaelwK1pHl5n5cRSJfM60UA0zK891sVInoPri2Ekj7+e1CT3/3qxXenpI+nBBmQAcJPJgaj4w==",
      "dependencies": {
        "@nodelib/fs.stat": "^2.0.2",
        "@nodelib/fs.walk": "^1.2.3",
        "glob-parent": "^5.1.2",
        "merge2": "^1.3.0",
        "micromatch": "^4.0.4"
      },
      "engines": {
        "node": ">=8.6.0"
      }
    },
    "node_modules/fastq": {
      "version": "1.13.0",
      "resolved": "https://registry.npmjs.org/fastq/-/fastq-1.13.0.tgz",
      "integrity": "sha512-YpkpUnK8od0o1hmeSc7UUs/eB/vIPWJYjKck2QKIzAf71Vm1AAQ3EbuZB3g2JIy+pg+ERD0vqI79KyZiB2e2Nw==",
      "dependencies": {
        "reusify": "^1.0.4"
      }
    },
    "node_modules/fill-range": {
      "version": "7.0.1",
      "resolved": "https://registry.npmjs.org/fill-range/-/fill-range-7.0.1.tgz",
      "integrity": "sha512-qOo9F+dMUmC2Lcb4BbVvnKJxTPjCm+RRpe4gDuGrzkL7mEVl/djYSu2OdQ2Pa302N4oqkSg9ir6jaLWJ2USVpQ==",
      "dependencies": {
        "to-regex-range": "^5.0.1"
      },
      "engines": {
        "node": ">=8"
      }
    },
    "node_modules/fsevents": {
      "version": "2.3.2",
      "resolved": "https://registry.npmjs.org/fsevents/-/fsevents-2.3.2.tgz",
      "integrity": "sha512-xiqMQR4xAeHTuB9uWm+fFRcIOgKBMiOBP+eXiyT7jsgVCq1bkVygt00oASowB7EdtpOHaaPgKt812P9ab+DDKA==",
      "hasInstallScript": true,
      "optional": true,
      "os": [
        "darwin"
      ],
      "engines": {
        "node": "^8.16.0 || ^10.6.0 || >=11.0.0"
      }
    },
    "node_modules/glob-parent": {
      "version": "5.1.2",
      "resolved": "https://registry.npmjs.org/glob-parent/-/glob-parent-5.1.2.tgz",
      "integrity": "sha512-AOIgSQCepiJYwP3ARnGx+5VnTu2HBYdzbGP45eLw1vr3zB3vZLeyed1sC9hnbcOc9/SrMyM5RPQrkGz4aS9Zow==",
      "dependencies": {
        "is-glob": "^4.0.1"
      },
      "engines": {
        "node": ">= 6"
      }
    },
    "node_modules/is-extglob": {
      "version": "2.1.1",
      "resolved": "https://registry.npmjs.org/is-extglob/-/is-extglob-2.1.1.tgz",
      "integrity": "sha512-SbKbANkN603Vi4jEZv49LeVJMn4yGwsbzZworEoyEiutsN3nJYdbO36zfhGJ6QEDpOZIFkDtnq5JRxmvl3jsoQ==",
      "engines": {
        "node": ">=0.10.0"
      }
    },
    "node_modules/is-glob": {
      "version": "4.0.3",
      "resolved": "https://registry.npmjs.org/is-glob/-/is-glob-4.0.3.tgz",
      "integrity": "sha512-xelSayHH36ZgE7ZWhli7pW34hNbNl8Ojv5KVmkJD4hBdD3th8Tfk9vYasLM+mXWOZhFkgZfxhLSnrwRr4elSSg==",
      "dependencies": {
        "is-extglob": "^2.1.1"
      },
      "engines": {
        "node": ">=0.10.0"
      }
    },
    "node_modules/is-number": {
      "version": "7.0.0",
      "resolved": "https://registry.npmjs.org/is-number/-/is-number-7.0.0.tgz",
      "integrity": "sha512-41Cifkg6e8TylSpdtTpeLVMqvSBEVzTttHvERD741+pnZ8ANv0004MRL43QKPDlK9cGvNp6NZWZUBlbGXYxxng==",
      "engines": {
        "node": ">=0.12.0"
      }
    },
    "node_modules/merge2": {
      "version": "1.4.1",
      "resolved": "https://registry.npmjs.org/merge2/-/merge2-1.4.1.tgz",
      "integrity": "sha512-8q7VEgMJW4J8tcfVPy8g09NcQwZdbwFEqhe/WZkoIzjn/3TGDwtOCYtXGxA3O8tPzpczCCDgv+P2P5y00ZJOOg==",
      "engines": {
        "node": ">= 8"
      }
    },
    "node_modules/micromatch": {
      "version": "4.0.5",
      "resolved": "https://registry.npmjs.org/micromatch/-/micromatch-4.0.5.tgz",
      "integrity": "sha512-DMy+ERcEW2q8Z2Po+WNXuw3c5YaUSFjAO5GsJqfEl7UjvtIuFKO6ZrKvcItdy98dwFI2N1tg3zNIdKaQT+aNdA==",
      "dependencies": {
        "braces": "^3.0.2",
        "picomatch": "^2.3.1"
      },
      "engines": {
        "node": ">=8.6"
      }
    },
    "node_modules/picomatch": {
      "version": "2.3.1",
      "resolved": "https://registry.npmjs.org/picomatch/-/picomatch-2.3.1.tgz",
      "integrity": "sha512-JU3teHTNjmE2VCGFzuY8EXzCDVwEqB2a8fsIvwaStHhAWJEeVd1o1QD80CU6+ZdEXXSLbSsuLwJjkCBWqRQUVA==",
      "engines": {
        "node": ">=8.6"
      },
      "funding": {
        "url": "https://github.com/sponsors/jonschlinkert"
      }
    },
    "node_modules/queue-microtask": {
      "version": "1.2.3",
      "resolved": "https://registry.npmjs.org/queue-microtask/-/queue-microtask-1.2.3.tgz",
      "integrity": "sha512-NuaNSa6flKT5JaSYQzJok04JzTL1CA6aGhv5rfLW3PgqA+M2ChpZQnAC8h8i4ZFkBS8X5RqkDBHA7r4hej3K9A==",
      "funding": [
        {
          "type": "github",
          "url": "https://github.com/sponsors/feross"
        },
        {
          "type": "patreon",
          "url": "https://www.patreon.com/feross"
        },
        {
          "type": "consulting",
          "url": "https://feross.org/support"
        }
      ]
    },
    "node_modules/reusify": {
      "version": "1.0.4",
      "resolved": "https://registry.npmjs.org/reusify/-/reusify-1.0.4.tgz",
      "integrity": "sha512-U9nH88a3fc/ekCF1l0/UP1IosiuIjyTh7hBvXVMHYgVcfGvt897Xguj2UOLDeI5BG2m7/uwyaLVT6fbtCwTyzw==",
      "engines": {
        "iojs": ">=1.0.0",
        "node": ">=0.10.0"
      }
    },
    "node_modules/rollup": {
      "version": "2.79.1",
      "resolved": "https://registry.npmjs.org/rollup/-/rollup-2.79.1.tgz",
      "integrity": "sha512-uKxbd0IhMZOhjAiD5oAFp7BqvkA4Dv47qpOCtaNvng4HBwdbWtdOh8f5nZNuk2rp51PMGk3bzfWu5oayNEuYnw==",
      "bin": {
        "rollup": "dist/bin/rollup"
      },
      "engines": {
        "node": ">=10.0.0"
      },
      "optionalDependencies": {
        "fsevents": "~2.3.2"
      }
    },
    "node_modules/run-parallel": {
      "version": "1.2.0",
      "resolved": "https://registry.npmjs.org/run-parallel/-/run-parallel-1.2.0.tgz",
      "integrity": "sha512-5l4VyZR86LZ/lDxZTR6jqL8AFE2S0IFLMP26AbjsLVADxHdhB/c0GUsH+y39UfCi3dzz8OlQuPmnaJOMoDHQBA==",
      "funding": [
        {
          "type": "github",
          "url": "https://github.com/sponsors/feross"
        },
        {
          "type": "patreon",
          "url": "https://www.patreon.com/feross"
        },
        {
          "type": "consulting",
          "url": "https://feross.org/support"
        }
      ],
      "dependencies": {
        "queue-microtask": "^1.2.2"
      }
    },
    "node_modules/slash": {
      "version": "3.0.0",
      "resolved": "https://registry.npmjs.org/slash/-/slash-3.0.0.tgz",
      "integrity": "sha512-g9Q1haeby36OSStwb4ntCGGGaKsaVSjQ68fBxoQcutl5fS1vuY18H3wSt3jFyFtrkx+Kz0V1G85A4MyAdDMi2Q==",
      "engines": {
        "node": ">=8"
      }
    },
    "node_modules/source-map": {
      "version": "0.7.4",
      "resolved": "https://registry.npmjs.org/source-map/-/source-map-0.7.4.tgz",
      "integrity": "sha512-l3BikUxvPOcn5E74dZiq5BGsTb5yEwhaTSzccU6t4sDOH8NWJCstKO5QT2CvtFoK6F0saL7p9xHAqHOlCPJygA==",
      "engines": {
        "node": ">= 8"
      }
    },
    "node_modules/to-regex-range": {
      "version": "5.0.1",
      "resolved": "https://registry.npmjs.org/to-regex-range/-/to-regex-range-5.0.1.tgz",
      "integrity": "sha512-65P7iz6X5yEr1cwcgvQxbbIw7Uk3gOy5dIdtZ4rDveLqhrdJP+Li/Hx6tyK0NEb+2GCyneCMJiGqrADCSNk8sQ==",
      "dependencies": {
        "is-number": "^7.0.0"
      },
      "engines": {
        "node": ">=8.0"
      }
    }
  },
  "dependencies": {
    "@nodelib/fs.scandir": {
      "version": "2.1.5",
      "resolved": "https://registry.npmjs.org/@nodelib/fs.scandir/-/fs.scandir-2.1.5.tgz",
      "integrity": "sha512-vq24Bq3ym5HEQm2NKCr3yXDwjc7vTsEThRDnkp2DK9p1uqLR+DHurm/NOTo0KG7HYHU7eppKZj3MyqYuMBf62g==",
      "requires": {
        "@nodelib/fs.stat": "2.0.5",
        "run-parallel": "^1.1.9"
      }
    },
    "@nodelib/fs.stat": {
      "version": "2.0.5",
      "resolved": "https://registry.npmjs.org/@nodelib/fs.stat/-/fs.stat-2.0.5.tgz",
      "integrity": "sha512-RkhPPp2zrqDAQA/2jNhnztcPAlv64XdhIp7a7454A5ovI7Bukxgt7MX7udwAu3zg1DcpPU0rz3VV1SeaqvY4+A=="
    },
    "@nodelib/fs.walk": {
      "version": "1.2.8",
      "resolved": "https://registry.npmjs.org/@nodelib/fs.walk/-/fs.walk-1.2.8.tgz",
      "integrity": "sha512-oGB+UxlgWcgQkgwo8GcEGwemoTFt3FIO9ababBmaGwXIoBKZ+GTy0pP185beGg7Llih/NSHSV2XAs1lnznocSg==",
      "requires": {
        "@nodelib/fs.scandir": "2.1.5",
        "fastq": "^1.6.0"
      }
    },
    "@swc/cli": {
      "version": "0.1.57",
      "resolved": "https://registry.npmjs.org/@swc/cli/-/cli-0.1.57.tgz",
      "integrity": "sha512-HxM8TqYHhAg+zp7+RdTU69bnkl4MWdt1ygyp6BDIPjTiaJVH6Dizn2ezbgDS8mnFZI1FyhKvxU/bbaUs8XhzQg==",
      "requires": {
        "commander": "^7.1.0",
        "fast-glob": "^3.2.5",
        "slash": "3.0.0",
        "source-map": "^0.7.3"
      }
    },
    "@swc/core": {
      "version": "1.3.3",
      "resolved": "https://registry.npmjs.org/@swc/core/-/core-1.3.3.tgz",
      "integrity": "sha512-OGx3Qpw+czNSaea1ojP2X2wxrGtYicQxH1QnzX4F3rXGEcSUFIllmrae6iJHW91zS4SNcOocnQoRz1IYnrILYw==",
      "requires": {
        "@swc/core-android-arm-eabi": "1.3.3",
        "@swc/core-android-arm64": "1.3.3",
        "@swc/core-darwin-arm64": "1.3.3",
        "@swc/core-darwin-x64": "1.3.3",
        "@swc/core-freebsd-x64": "1.3.3",
        "@swc/core-linux-arm-gnueabihf": "1.3.3",
        "@swc/core-linux-arm64-gnu": "1.3.3",
        "@swc/core-linux-arm64-musl": "1.3.3",
        "@swc/core-linux-x64-gnu": "1.3.3",
        "@swc/core-linux-x64-musl": "1.3.3",
        "@swc/core-win32-arm64-msvc": "1.3.3",
        "@swc/core-win32-ia32-msvc": "1.3.3",
        "@swc/core-win32-x64-msvc": "1.3.3"
      }
    },
    "@swc/core-android-arm-eabi": {
      "version": "1.3.3",
      "resolved": "https://registry.npmjs.org/@swc/core-android-arm-eabi/-/core-android-arm-eabi-1.3.3.tgz",
      "integrity": "sha512-R6MpKXvNx/T/8a0wUTiX1THxfRbURSCmYlSi/JnUaqLYUclQK1N8aCMWz7EYSz6FE0VZBREJYDJcdnfP88E/1Q==",
      "optional": true,
      "requires": {
        "@swc/wasm": "1.2.122"
      }
    },
    "@swc/core-android-arm64": {
      "version": "1.3.3",
      "resolved": "https://registry.npmjs.org/@swc/core-android-arm64/-/core-android-arm64-1.3.3.tgz",
      "integrity": "sha512-yZlku4ypVKykwHTS8CETxw2PH23UBeM6VhNB8efF4A4gVWtRZjv1PfjsSqh/X0vjgVTrs2zSaQ+eF6GLVbWrgA==",
      "optional": true,
      "requires": {
        "@swc/wasm": "1.2.130"
      },
      "dependencies": {
        "@swc/wasm": {
          "version": "1.2.130",
          "resolved": "https://registry.npmjs.org/@swc/wasm/-/wasm-1.2.130.tgz",
          "integrity": "sha512-rNcJsBxS70+pv8YUWwf5fRlWX6JoY/HJc25HD/F8m6Kv7XhJdqPPMhyX6TKkUBPAG7TWlZYoxa+rHAjPy4Cj3Q==",
          "optional": true
        }
      }
    },
    "@swc/core-darwin-arm64": {
      "version": "1.3.3",
      "resolved": "https://registry.npmjs.org/@swc/core-darwin-arm64/-/core-darwin-arm64-1.3.3.tgz",
      "integrity": "sha512-/T8vyikY7t/be6bHd1D9J/bmXYMDMkBo9NA3auDT/hmouzawhJ6E7OqRE4HLuLTflnRw8WmEWgpeRIzMHvNjBQ==",
      "optional": true
    },
    "@swc/core-darwin-x64": {
      "version": "1.3.3",
      "resolved": "https://registry.npmjs.org/@swc/core-darwin-x64/-/core-darwin-x64-1.3.3.tgz",
      "integrity": "sha512-hw4o1If986In5m3y3/OimgiBKJh49kbTG9MRWo8msqTic2aBlrtfHjSecMn1g+oP7pdaUUCTkovmT7OpvvQ/Tw==",
      "optional": true
    },
    "@swc/core-freebsd-x64": {
      "version": "1.3.3",
      "resolved": "https://registry.npmjs.org/@swc/core-freebsd-x64/-/core-freebsd-x64-1.3.3.tgz",
      "integrity": "sha512-JFDu3uLa0WMw77o+QNR5D1uErQ5s18HmEwJr5ndOQoDlS+XO2qUG6AxU5LdwLEl5qMf2C99t7gkfzcCZG1PRsw==",
      "optional": true,
      "requires": {
        "@swc/wasm": "1.2.130"
      },
      "dependencies": {
        "@swc/wasm": {
          "version": "1.2.130",
          "resolved": "https://registry.npmjs.org/@swc/wasm/-/wasm-1.2.130.tgz",
          "integrity": "sha512-rNcJsBxS70+pv8YUWwf5fRlWX6JoY/HJc25HD/F8m6Kv7XhJdqPPMhyX6TKkUBPAG7TWlZYoxa+rHAjPy4Cj3Q==",
          "optional": true
        }
      }
    },
    "@swc/core-linux-arm-gnueabihf": {
      "version": "1.3.3",
      "resolved": "https://registry.npmjs.org/@swc/core-linux-arm-gnueabihf/-/core-linux-arm-gnueabihf-1.3.3.tgz",
      "integrity": "sha512-kJoyNP/ury9KmZnjhpj0QApY6VxC9S4hkgsycm8yTJ23O8WrUbgeDOlgAgFJNyHszhR5CnlssDv7ErCwMZtkgw==",
      "optional": true,
      "requires": {
        "@swc/wasm": "1.2.130"
      },
      "dependencies": {
        "@swc/wasm": {
          "version": "1.2.130",
          "resolved": "https://registry.npmjs.org/@swc/wasm/-/wasm-1.2.130.tgz",
          "integrity": "sha512-rNcJsBxS70+pv8YUWwf5fRlWX6JoY/HJc25HD/F8m6Kv7XhJdqPPMhyX6TKkUBPAG7TWlZYoxa+rHAjPy4Cj3Q==",
          "optional": true
        }
      }
    },
    "@swc/core-linux-arm64-gnu": {
      "version": "1.3.3",
      "resolved": "https://registry.npmjs.org/@swc/core-linux-arm64-gnu/-/core-linux-arm64-gnu-1.3.3.tgz",
      "integrity": "sha512-Y+10o78O2snKnrNTbasT9S3Out0wlOyAkLZvq5zqzW1cz2K2Yzm04zQdKQOCRHlfTF0XSmZ++qRWVNol49WsNA==",
      "optional": true
    },
    "@swc/core-linux-arm64-musl": {
      "version": "1.3.3",
      "resolved": "https://registry.npmjs.org/@swc/core-linux-arm64-musl/-/core-linux-arm64-musl-1.3.3.tgz",
      "integrity": "sha512-y6ErPP6Sk0f8exoanUxXeFALvPraTjyoVr8pitpfTqoUd9YcxwOTpPbR5WXI3FWnQ7GS86iH0LvaFDCgHQ1fjg==",
      "optional": true
    },
    "@swc/core-linux-x64-gnu": {
      "version": "1.3.3",
      "resolved": "https://registry.npmjs.org/@swc/core-linux-x64-gnu/-/core-linux-x64-gnu-1.3.3.tgz",
      "integrity": "sha512-sqyvNJkPHKHlK/XLIoMNLiux8YxsCJpAk3UreS0NO+sRNRru2AMyrRwX6wxmnJybhEek9SPKF0pXi+GfcaFKYA==",
      "optional": true
    },
    "@swc/core-linux-x64-musl": {
      "version": "1.3.3",
      "resolved": "https://registry.npmjs.org/@swc/core-linux-x64-musl/-/core-linux-x64-musl-1.3.3.tgz",
      "integrity": "sha512-5fjwHdMv+DOgEp7sdNVmvS4Hr2rDaewa0BpDW8RefcjHoJnDpFVButLDMkwv/Yd+v4YN+99kyX/lOI+/OTD99w==",
      "optional": true
    },
    "@swc/core-win32-arm64-msvc": {
      "version": "1.3.3",
      "resolved": "https://registry.npmjs.org/@swc/core-win32-arm64-msvc/-/core-win32-arm64-msvc-1.3.3.tgz",
      "integrity": "sha512-JxcfG89GieqCFXkRl/mtFds/ME6ncEtLRIQ0+RBIREIGisA9ZgJ8EryBzGZyPu5+7kE0vXGVB6A2cfrv4SNW4A==",
      "optional": true,
      "requires": {
        "@swc/wasm": "1.2.130"
      },
      "dependencies": {
        "@swc/wasm": {
          "version": "1.2.130",
          "resolved": "https://registry.npmjs.org/@swc/wasm/-/wasm-1.2.130.tgz",
          "integrity": "sha512-rNcJsBxS70+pv8YUWwf5fRlWX6JoY/HJc25HD/F8m6Kv7XhJdqPPMhyX6TKkUBPAG7TWlZYoxa+rHAjPy4Cj3Q==",
          "optional": true
        }
      }
    },
    "@swc/core-win32-ia32-msvc": {
      "version": "1.3.3",
      "resolved": "https://registry.npmjs.org/@swc/core-win32-ia32-msvc/-/core-win32-ia32-msvc-1.3.3.tgz",
      "integrity": "sha512-yqZjTn5V7wYCxMCC5Rg8u87SmGeRSlqYAafHL3IgiFe8hSxOykc2dR1MYNc4WZumYiMlU15VSa6mW8A0pj37FA==",
      "optional": true,
      "requires": {
        "@swc/wasm": "1.2.130"
      },
      "dependencies": {
        "@swc/wasm": {
          "version": "1.2.130",
          "resolved": "https://registry.npmjs.org/@swc/wasm/-/wasm-1.2.130.tgz",
          "integrity": "sha512-rNcJsBxS70+pv8YUWwf5fRlWX6JoY/HJc25HD/F8m6Kv7XhJdqPPMhyX6TKkUBPAG7TWlZYoxa+rHAjPy4Cj3Q==",
          "optional": true
        }
      }
    },
    "@swc/core-win32-x64-msvc": {
      "version": "1.3.3",
      "resolved": "https://registry.npmjs.org/@swc/core-win32-x64-msvc/-/core-win32-x64-msvc-1.3.3.tgz",
      "integrity": "sha512-CIuxz9wiHkgG7m3kjgptgO3iHOmrybvLf0rUNGbVTTHwTcrpjznAnS/MnMPiaIQPlxz70KSXAR2QJjw7fGtfbA==",
      "optional": true
    },
    "@swc/wasm": {
      "version": "1.2.122",
      "resolved": "https://registry.npmjs.org/@swc/wasm/-/wasm-1.2.122.tgz",
      "integrity": "sha512-sM1VCWQxmNhFtdxME+8UXNyPNhxNu7zdb6ikWpz0YKAQQFRGT5ThZgJrubEpah335SUToNg8pkdDF7ibVCjxbQ==",
      "optional": true
    },
    "braces": {
      "version": "3.0.2",
      "resolved": "https://registry.npmjs.org/braces/-/braces-3.0.2.tgz",
      "integrity": "sha512-b8um+L1RzM3WDSzvhm6gIz1yfTbBt6YTlcEKAvsmqCZZFw46z626lVj9j1yEPW33H5H+lBQpZMP1k8l+78Ha0A==",
      "requires": {
        "fill-range": "^7.0.1"
      }
    },
    "commander": {
      "version": "7.2.0",
      "resolved": "https://registry.npmjs.org/commander/-/commander-7.2.0.tgz",
      "integrity": "sha512-QrWXB+ZQSVPmIWIhtEO9H+gwHaMGYiF5ChvoJ+K9ZGHG/sVsa6yiesAD1GC/x46sET00Xlwo1u49RVVVzvcSkw=="
    },
    "fast-glob": {
      "version": "3.2.12",
      "resolved": "https://registry.npmjs.org/fast-glob/-/fast-glob-3.2.12.tgz",
      "integrity": "sha512-DVj4CQIYYow0BlaelwK1pHl5n5cRSJfM60UA0zK891sVInoPri2Ekj7+e1CT3/3qxXenpI+nBBmQAcJPJgaj4w==",
      "requires": {
        "@nodelib/fs.stat": "^2.0.2",
        "@nodelib/fs.walk": "^1.2.3",
        "glob-parent": "^5.1.2",
        "merge2": "^1.3.0",
        "micromatch": "^4.0.4"
      }
    },
    "fastq": {
      "version": "1.13.0",
      "resolved": "https://registry.npmjs.org/fastq/-/fastq-1.13.0.tgz",
      "integrity": "sha512-YpkpUnK8od0o1hmeSc7UUs/eB/vIPWJYjKck2QKIzAf71Vm1AAQ3EbuZB3g2JIy+pg+ERD0vqI79KyZiB2e2Nw==",
      "requires": {
        "reusify": "^1.0.4"
      }
    },
    "fill-range": {
      "version": "7.0.1",
      "resolved": "https://registry.npmjs.org/fill-range/-/fill-range-7.0.1.tgz",
      "integrity": "sha512-qOo9F+dMUmC2Lcb4BbVvnKJxTPjCm+RRpe4gDuGrzkL7mEVl/djYSu2OdQ2Pa302N4oqkSg9ir6jaLWJ2USVpQ==",
      "requires": {
        "to-regex-range": "^5.0.1"
      }
    },
    "fsevents": {
      "version": "2.3.2",
      "resolved": "https://registry.npmjs.org/fsevents/-/fsevents-2.3.2.tgz",
      "integrity": "sha512-xiqMQR4xAeHTuB9uWm+fFRcIOgKBMiOBP+eXiyT7jsgVCq1bkVygt00oASowB7EdtpOHaaPgKt812P9ab+DDKA==",
      "optional": true
    },
    "glob-parent": {
      "version": "5.1.2",
      "resolved": "https://registry.npmjs.org/glob-parent/-/glob-parent-5.1.2.tgz",
      "integrity": "sha512-AOIgSQCepiJYwP3ARnGx+5VnTu2HBYdzbGP45eLw1vr3zB3vZLeyed1sC9hnbcOc9/SrMyM5RPQrkGz4aS9Zow==",
      "requires": {
        "is-glob": "^4.0.1"
      }
    },
    "is-extglob": {
      "version": "2.1.1",
      "resolved": "https://registry.npmjs.org/is-extglob/-/is-extglob-2.1.1.tgz",
      "integrity": "sha512-SbKbANkN603Vi4jEZv49LeVJMn4yGwsbzZworEoyEiutsN3nJYdbO36zfhGJ6QEDpOZIFkDtnq5JRxmvl3jsoQ=="
    },
    "is-glob": {
      "version": "4.0.3",
      "resolved": "https://registry.npmjs.org/is-glob/-/is-glob-4.0.3.tgz",
      "integrity": "sha512-xelSayHH36ZgE7ZWhli7pW34hNbNl8Ojv5KVmkJD4hBdD3th8Tfk9vYasLM+mXWOZhFkgZfxhLSnrwRr4elSSg==",
      "requires": {
        "is-extglob": "^2.1.1"
      }
    },
    "is-number": {
      "version": "7.0.0",
      "resolved": "https://registry.npmjs.org/is-number/-/is-number-7.0.0.tgz",
      "integrity": "sha512-41Cifkg6e8TylSpdtTpeLVMqvSBEVzTttHvERD741+pnZ8ANv0004MRL43QKPDlK9cGvNp6NZWZUBlbGXYxxng=="
    },
    "merge2": {
      "version": "1.4.1",
      "resolved": "https://registry.npmjs.org/merge2/-/merge2-1.4.1.tgz",
      "integrity": "sha512-8q7VEgMJW4J8tcfVPy8g09NcQwZdbwFEqhe/WZkoIzjn/3TGDwtOCYtXGxA3O8tPzpczCCDgv+P2P5y00ZJOOg=="
    },
    "micromatch": {
      "version": "4.0.5",
      "resolved": "https://registry.npmjs.org/micromatch/-/micromatch-4.0.5.tgz",
      "integrity": "sha512-DMy+ERcEW2q8Z2Po+WNXuw3c5YaUSFjAO5GsJqfEl7UjvtIuFKO6ZrKvcItdy98dwFI2N1tg3zNIdKaQT+aNdA==",
      "requires": {
        "braces": "^3.0.2",
        "picomatch": "^2.3.1"
      }
    },
    "picomatch": {
      "version": "2.3.1",
      "resolved": "https://registry.npmjs.org/picomatch/-/picomatch-2.3.1.tgz",
      "integrity": "sha512-JU3teHTNjmE2VCGFzuY8EXzCDVwEqB2a8fsIvwaStHhAWJEeVd1o1QD80CU6+ZdEXXSLbSsuLwJjkCBWqRQUVA=="
    },
    "queue-microtask": {
      "version": "1.2.3",
      "resolved": "https://registry.npmjs.org/queue-microtask/-/queue-microtask-1.2.3.tgz",
      "integrity": "sha512-NuaNSa6flKT5JaSYQzJok04JzTL1CA6aGhv5rfLW3PgqA+M2ChpZQnAC8h8i4ZFkBS8X5RqkDBHA7r4hej3K9A=="
    },
    "reusify": {
      "version": "1.0.4",
      "resolved": "https://registry.npmjs.org/reusify/-/reusify-1.0.4.tgz",
      "integrity": "sha512-U9nH88a3fc/ekCF1l0/UP1IosiuIjyTh7hBvXVMHYgVcfGvt897Xguj2UOLDeI5BG2m7/uwyaLVT6fbtCwTyzw=="
    },
    "rollup": {
      "version": "2.79.1",
      "resolved": "https://registry.npmjs.org/rollup/-/rollup-2.79.1.tgz",
      "integrity": "sha512-uKxbd0IhMZOhjAiD5oAFp7BqvkA4Dv47qpOCtaNvng4HBwdbWtdOh8f5nZNuk2rp51PMGk3bzfWu5oayNEuYnw==",
      "requires": {
        "fsevents": "~2.3.2"
      }
    },
    "run-parallel": {
      "version": "1.2.0",
      "resolved": "https://registry.npmjs.org/run-parallel/-/run-parallel-1.2.0.tgz",
      "integrity": "sha512-5l4VyZR86LZ/lDxZTR6jqL8AFE2S0IFLMP26AbjsLVADxHdhB/c0GUsH+y39UfCi3dzz8OlQuPmnaJOMoDHQBA==",
      "requires": {
        "queue-microtask": "^1.2.2"
      }
    },
    "slash": {
      "version": "3.0.0",
      "resolved": "https://registry.npmjs.org/slash/-/slash-3.0.0.tgz",
      "integrity": "sha512-g9Q1haeby36OSStwb4ntCGGGaKsaVSjQ68fBxoQcutl5fS1vuY18H3wSt3jFyFtrkx+Kz0V1G85A4MyAdDMi2Q=="
    },
    "source-map": {
      "version": "0.7.4",
      "resolved": "https://registry.npmjs.org/source-map/-/source-map-0.7.4.tgz",
      "integrity": "sha512-l3BikUxvPOcn5E74dZiq5BGsTb5yEwhaTSzccU6t4sDOH8NWJCstKO5QT2CvtFoK6F0saL7p9xHAqHOlCPJygA=="
    },
    "to-regex-range": {
      "version": "5.0.1",
      "resolved": "https://registry.npmjs.org/to-regex-range/-/to-regex-range-5.0.1.tgz",
      "integrity": "sha512-65P7iz6X5yEr1cwcgvQxbbIw7Uk3gOy5dIdtZ4rDveLqhrdJP+Li/Hx6tyK0NEb+2GCyneCMJiGqrADCSNk8sQ==",
      "requires": {
        "is-number": "^7.0.0"
      }
    }
  }
}
